
Microsoft Visual Studio Solution File, Format Version 12.00
# Visual Studio Version 16
VisualStudioVersion = 16.0.30503.244
MinimumVisualStudioVersion = 10.0.40219.1
Project("{FAE04EC0-301F-11D3-BF4B-00C04F79EFBC}") = "BeEASTPostProcessor", "BeEASTPostProcessor\BeEASTPostProcessor.csproj", "{446A55D7-B089-4F11-8EE3-EFFCD3EE36B4}"
EndProject
Global
	GlobalSection(SolutionConfigurationPlatforms) = preSolution
		Debug|Any CPU = Debug|Any CPU
		Release|Any CPU = Release|Any CPU
	EndGlobalSection
	GlobalSection(ProjectConfigurationPlatforms) = postSolution
		{446A55D7-B089-4F11-8EE3-EFFCD3EE36B4}.Debug|Any CPU.ActiveCfg = Debug|Any CPU
		{446A55D7-B089-4F11-8EE3-EFFCD3EE36B4}.Debug|Any CPU.Build.0 = Debug|Any CPU
		{446A55D7-B089-4F11-8EE3-EFFCD3EE36B4}.Release|Any CPU.ActiveCfg = Release|Any CPU
		{446A55D7-B089-4F11-8EE3-EFFCD3EE36B4}.Release|Any CPU.Build.0 = Release|Any CPU
	EndGlobalSection
	GlobalSection(SolutionProperties) = preSolution
		HideSolutionNode = FALSE
	EndGlobalSection
	GlobalSection(ExtensibilityGlobals) = postSolution
		SolutionGuid = {0FDC1E87-4D4A-4453-B7BE-3326F75E5302}
	EndGlobalSection
EndGlobal
